
Microsoft Visual Studio Solution File, Format Version 12.00
# Visual Studio Version 17
VisualStudioVersion = 17.10.35013.160
MinimumVisualStudioVersion = 10.0.40219.1
Project("{FAE04EC0-301F-11D3-BF4B-00C04F79EFBC}") = "Gestionale_Biblioteca", "Gestionale_Biblioteca\Gestionale_Biblioteca.csproj", "{2DBDFAAF-C0DF-4BCC-A5E8-A8A395A87D3E}"
EndProject
Global
	GlobalSection(SolutionConfigurationPlatforms) = preSolution
		Debug|Any CPU = Debug|Any CPU
		Release|Any CPU = Release|Any CPU
	EndGlobalSection
	GlobalSection(ProjectConfigurationPlatforms) = postSolution
		{2DBDFAAF-C0DF-4BCC-A5E8-A8A395A87D3E}.Debug|Any CPU.ActiveCfg = Debug|Any CPU
		{2DBDFAAF-C0DF-4BCC-A5E8-A8A395A87D3E}.Debug|Any CPU.Build.0 = Debug|Any CPU
		{2DBDFAAF-C0DF-4BCC-A5E8-A8A395A87D3E}.Release|Any CPU.ActiveCfg = Release|Any CPU
		{2DBDFAAF-C0DF-4BCC-A5E8-A8A395A87D3E}.Release|Any CPU.Build.0 = Release|Any CPU
	EndGlobalSection
	GlobalSection(SolutionProperties) = preSolution
		HideSolutionNode = FALSE
	EndGlobalSection
	GlobalSection(ExtensibilityGlobals) = postSolution
		SolutionGuid = {A55EC56D-31ED-4EFF-A7A0-DC8BB9CD175C}
	EndGlobalSection
EndGlobal
